
Microsoft Visual Studio Solution File, Format Version 12.00
# Visual Studio Version 17
VisualStudioVersion = 17.0.31903.59
MinimumVisualStudioVersion = 10.0.40219.1
Project("{FAE04EC0-301F-11D3-BF4B-00C04F79EFBC}") = "GuiTeach", "GuiTeach\GuiTeach.csproj", "{E59D24DA-736E-438C-9F99-274877240CA2}"
EndProject
Project("{FAE04EC0-301F-11D3-BF4B-00C04F79EFBC}") = "GuiTeachTest", "GuiTeachTest\GuiTeachTest.csproj", "{5C594D2A-37AE-47EA-B189-AD3BBCC99D76}"
EndProject
Global
	GlobalSection(SolutionConfigurationPlatforms) = preSolution
		Debug|Any CPU = Debug|Any CPU
		Release|Any CPU = Release|Any CPU
	EndGlobalSection
	GlobalSection(SolutionProperties) = preSolution
		HideSolutionNode = FALSE
	EndGlobalSection
	GlobalSection(ProjectConfigurationPlatforms) = postSolution
		{E59D24DA-736E-438C-9F99-274877240CA2}.Debug|Any CPU.ActiveCfg = Debug|Any CPU
		{E59D24DA-736E-438C-9F99-274877240CA2}.Debug|Any CPU.Build.0 = Debug|Any CPU
		{E59D24DA-736E-438C-9F99-274877240CA2}.Release|Any CPU.ActiveCfg = Release|Any CPU
		{E59D24DA-736E-438C-9F99-274877240CA2}.Release|Any CPU.Build.0 = Release|Any CPU
		{5C594D2A-37AE-47EA-B189-AD3BBCC99D76}.Debug|Any CPU.ActiveCfg = Debug|Any CPU
		{5C594D2A-37AE-47EA-B189-AD3BBCC99D76}.Debug|Any CPU.Build.0 = Debug|Any CPU
		{5C594D2A-37AE-47EA-B189-AD3BBCC99D76}.Release|Any CPU.ActiveCfg = Release|Any CPU
		{5C594D2A-37AE-47EA-B189-AD3BBCC99D76}.Release|Any CPU.Build.0 = Release|Any CPU
	EndGlobalSection
EndGlobal
